
Microsoft Visual Studio Solution File, Format Version 12.00
# Visual Studio 15
VisualStudioVersion = 15.0.27703.2042
MinimumVisualStudioVersion = 10.0.40219.1
Project("{FAE04EC0-301F-11D3-BF4B-00C04F79EFBC}") = "Sample1", "Sample1\Sample1.csproj", "{677ECCCF-E7DE-4D8C-B5F7-2F63FA67D8F7}"
EndProject
Global
	GlobalSection(SolutionConfigurationPlatforms) = preSolution
		Debug|Any CPU = Debug|Any CPU
		Release|Any CPU = Release|Any CPU
	EndGlobalSection
	GlobalSection(ProjectConfigurationPlatforms) = postSolution
		{677ECCCF-E7DE-4D8C-B5F7-2F63FA67D8F7}.Debug|Any CPU.ActiveCfg = Debug|Any CPU
		{677ECCCF-E7DE-4D8C-B5F7-2F63FA67D8F7}.Debug|Any CPU.Build.0 = Debug|Any CPU
		{677ECCCF-E7DE-4D8C-B5F7-2F63FA67D8F7}.Release|Any CPU.ActiveCfg = Release|Any CPU
		{677ECCCF-E7DE-4D8C-B5F7-2F63FA67D8F7}.Release|Any CPU.Build.0 = Release|Any CPU
	EndGlobalSection
	GlobalSection(SolutionProperties) = preSolution
		HideSolutionNode = FALSE
	EndGlobalSection
	GlobalSection(ExtensibilityGlobals) = postSolution
		SolutionGuid = {43C72A2B-91D3-4B01-B5DC-0C3AD1741A30}
	EndGlobalSection
EndGlobal
