
Microsoft Visual Studio Solution File, Format Version 12.00
# Visual Studio 15
VisualStudioVersion = 15.0.27703.2042
MinimumVisualStudioVersion = 10.0.40219.1
Project("{FAE04EC0-301F-11D3-BF4B-00C04F79EFBC}") = "AppVeyor", "AppVeyor\AppVeyor.csproj", "{ABC53666-D8C3-4BA8-8BFC-9404AFA90091}"
EndProject
Project("{FAE04EC0-301F-11D3-BF4B-00C04F79EFBC}") = "Practice", "..\Practice\Practice.csproj", "{250E1900-3BC6-4A40-862B-E66D9992B317}"
EndProject
Global
	GlobalSection(SolutionConfigurationPlatforms) = preSolution
		Debug|Any CPU = Debug|Any CPU
		Release|Any CPU = Release|Any CPU
	EndGlobalSection
	GlobalSection(ProjectConfigurationPlatforms) = postSolution
		{ABC53666-D8C3-4BA8-8BFC-9404AFA90091}.Debug|Any CPU.ActiveCfg = Debug|Any CPU
		{ABC53666-D8C3-4BA8-8BFC-9404AFA90091}.Debug|Any CPU.Build.0 = Debug|Any CPU
		{ABC53666-D8C3-4BA8-8BFC-9404AFA90091}.Release|Any CPU.ActiveCfg = Release|Any CPU
		{ABC53666-D8C3-4BA8-8BFC-9404AFA90091}.Release|Any CPU.Build.0 = Release|Any CPU
		{250E1900-3BC6-4A40-862B-E66D9992B317}.Debug|Any CPU.ActiveCfg = Debug|Any CPU
		{250E1900-3BC6-4A40-862B-E66D9992B317}.Debug|Any CPU.Build.0 = Debug|Any CPU
		{250E1900-3BC6-4A40-862B-E66D9992B317}.Release|Any CPU.ActiveCfg = Release|Any CPU
		{250E1900-3BC6-4A40-862B-E66D9992B317}.Release|Any CPU.Build.0 = Release|Any CPU
	EndGlobalSection
	GlobalSection(SolutionProperties) = preSolution
		HideSolutionNode = FALSE
	EndGlobalSection
	GlobalSection(ExtensibilityGlobals) = postSolution
		SolutionGuid = {AF99BEBF-E98A-475D-869C-EB7972BA0171}
	EndGlobalSection
EndGlobal
